
Microsoft Visual Studio Solution File, Format Version 12.00
# Visual Studio Version 17
VisualStudioVersion = 17.0.32112.339
MinimumVisualStudioVersion = 10.0.40219.1
Project("{8BC9CEB8-8B4A-11D0-8D11-00A0C91BC942}") = "Winter2024", "Winter2024\Winter2024.vcxproj", "{14D10905-4BDD-4C41-A786-0CBD974F31F2}"
EndProject
Global
	GlobalSection(SolutionConfigurationPlatforms) = preSolution
		Debug|x64 = Debug|x64
		Debug|x86 = Debug|x86
		Release|x64 = Release|x64
		Release|x86 = Release|x86
	EndGlobalSection
	GlobalSection(ProjectConfigurationPlatforms) = postSolution
		{14D10905-4BDD-4C41-A786-0CBD974F31F2}.Debug|x64.ActiveCfg = Debug|x64
		{14D10905-4BDD-4C41-A786-0CBD974F31F2}.Debug|x64.Build.0 = Debug|x64
		{14D10905-4BDD-4C41-A786-0CBD974F31F2}.Debug|x86.ActiveCfg = Debug|Win32
		{14D10905-4BDD-4C41-A786-0CBD974F31F2}.Debug|x86.Build.0 = Debug|Win32
		{14D10905-4BDD-4C41-A786-0CBD974F31F2}.Release|x64.ActiveCfg = Release|x64
		{14D10905-4BDD-4C41-A786-0CBD974F31F2}.Release|x64.Build.0 = Release|x64
		{14D10905-4BDD-4C41-A786-0CBD974F31F2}.Release|x86.ActiveCfg = Release|Win32
		{14D10905-4BDD-4C41-A786-0CBD974F31F2}.Release|x86.Build.0 = Release|Win32
	EndGlobalSection
	GlobalSection(SolutionProperties) = preSolution
		HideSolutionNode = FALSE
	EndGlobalSection
	GlobalSection(ExtensibilityGlobals) = postSolution
		SolutionGuid = {67B4C2A8-9CBA-4B03-99BF-C0B2744DFE45}
	EndGlobalSection
EndGlobal
